// !$*UTF8*$!
{
	archiveVersion = 1;
	classes = {
	};
	objectVersion = 48;
	objects = {

/* Begin PBXBuildFile section */
		4AC1421820194130005D230A /* AppDelegate.swift in Sources */ = {isa = PBXBuildFile; fileRef = 4AC1421720194130005D230A /* AppDelegate.swift */; };
		4AC1421A20194130005D230A /* ViewController.swift in Sources */ = {isa = PBXBuildFile; fileRef = 4AC1421920194130005D230A /* ViewController.swift */; };
		4AC1421D20194130005D230A /* Main.storyboard in Resources */ = {isa = PBXBuildFile; fileRef = 4AC1421B20194130005D230A /* Main.storyboard */; };
		4AC1421F20194130005D230A /* Assets.xcassets in Resources */ = {isa = PBXBuildFile; fileRef = 4AC1421E20194130005D230A /* Assets.xcassets */; };
		4AC1422220194130005D230A /* LaunchScreen.storyboard in Resources */ = {isa = PBXBuildFile; fileRef = 4AC1422020194130005D230A /* LaunchScreen.storyboard */; };
		4AC1422D20194130005D230A /* MemeMeAppTests.swift in Sources */ = {isa = PBXBuildFile; fileRef = 4AC1422C20194130005D230A /* MemeMeAppTests.swift */; };
		4AC1423820194130005D230A /* MemeMeAppUITests.swift in Sources */ = {isa = PBXBuildFile; fileRef = 4AC1423720194130005D230A /* MemeMeAppUITests.swift */; };
/* End PBXBuildFile section */

/* Begin PBXContainerItemProxy section */
		4AC1422920194130005D230A /* PBXContainerItemProxy */ = {
			isa = PBXContainerItemProxy;
			containerPortal = 4AC1420C20194130005D230A /* Project object */;
			proxyType = 1;
			remoteGlobalIDString = 4AC1421320194130005D230A;
			remoteInfo = MemeMeApp;
		};
		4AC1423420194130005D230A /* PBXContainerItemProxy */ = {
			isa = PBXContainerItemProxy;
			containerPortal = 4AC1420C20194130005D230A /* Project object */;
			proxyType = 1;
			remoteGlobalIDString = 4AC1421320194130005D230A;
			remoteInfo = MemeMeApp;
		};
/* End PBXContainerItemProxy section */

/* Begin PBXFileReference section */
		4AC1421420194130005D230A /* MemeMeApp.app */ = {isa = PBXFileReference; explicitFileType = wrapper.application; includeInIndex = 0; path = MemeMeApp.app; sourceTree = BUILT_PRODUCTS_DIR; };
		4AC1421720194130005D230A /* AppDelegate.swift */ = {isa = PBXFileReference; lastKnownFileType = sourcecode.swift; path = AppDelegate.swift; sourceTree = "<group>"; };
		4AC1421920194130005D230A /* ViewController.swift */ = {isa = PBXFileReference; lastKnownFileType = sourcecode.swift; path = ViewController.swift; sourceTree = "<group>"; };
		4AC1421C20194130005D230A /* Base */ = {isa = PBXFileReference; lastKnownFileType = file.storyboard; name = Base; path = Base.lproj/Main.storyboard; sourceTree = "<group>"; };
		4AC1421E20194130005D230A /* Assets.xcassets */ = {isa = PBXFileReference; lastKnownFileType = folder.assetcatalog; path = Assets.xcassets; sourceTree = "<group>"; };
		4AC1422120194130005D230A /* Base */ = {isa = PBXFileReference; lastKnownFileType = file.storyboard; name = Base; path = Base.lproj/LaunchScreen.storyboard; sourceTree = "<group>"; };
		4AC1422320194130005D230A /* Info.plist */ = {isa = PBXFileReference; lastKnownFileType = text.plist.xml; path = Info.plist; sourceTree = "<group>"; };
		4AC1422820194130005D230A /* MemeMeAppTests.xctest */ = {isa = PBXFileReference; explicitFileType = wrapper.cfbundle; includeInIndex = 0; path = MemeMeAppTests.xctest; sourceTree = BUILT_PRODUCTS_DIR; };
		4AC1422C20194130005D230A /* MemeMeAppTests.swift */ = {isa = PBXFileReference; lastKnownFileType = sourcecode.swift; path = MemeMeAppTests.swift; sourceTree = "<group>"; };
		4AC1422E20194130005D230A /* Info.plist */ = {isa = PBXFileReference; lastKnownFileType = text.plist.xml; path = Info.plist; sourceTree = "<group>"; };
		4AC1423320194130005D230A /* MemeMeAppUITests.xctest */ = {isa = PBXFileReference; explicitFileType = wrapper.cfbundle; includeInIndex = 0; path = MemeMeAppUITests.xctest; sourceTree = BUILT_PRODUCTS_DIR; };
		4AC1423720194130005D230A /* MemeMeAppUITests.swift */ = {isa = PBXFileReference; lastKnownFileType = sourcecode.swift; path = MemeMeAppUITests.swift; sourceTree = "<group>"; };
		4AC1423920194130005D230A /* Info.plist */ = {isa = PBXFileReference; lastKnownFileType = text.plist.xml; path = Info.plist; sourceTree = "<group>"; };
/* End PBXFileReference section */

/* Begin PBXFrameworksBuildPhase section */
		4AC1421120194130005D230A /* Frameworks */ = {
			isa = PBXFrameworksBuildPhase;
			buildActionMask = 2147483647;
			files = (
			);
			runOnlyForDeploymentPostprocessing = 0;
		};
		4AC1422520194130005D230A /* Frameworks */ = {
			isa = PBXFrameworksBuildPhase;
			buildActionMask = 2147483647;
			files = (
			);
			runOnlyForDeploymentPostprocessing = 0;
		};
		4AC1423020194130005D230A /* Frameworks */ = {
			isa = PBXFrameworksBuildPhase;
			buildActionMask = 2147483647;
			files = (
			);
			runOnlyForDeploymentPostprocessing = 0;
		};
/* End PBXFrameworksBuildPhase section */

/* Begin PBXGroup section */
		4AC1420B20194130005D230A = {
			isa = PBXGroup;
			children = (
				4AC1421620194130005D230A /* MemeMeApp */,
				4AC1422B20194130005D230A /* MemeMeAppTests */,
				4AC1423620194130005D230A /* MemeMeAppUITests */,
				4AC1421520194130005D230A /* Products */,
			);
			sourceTree = "<group>";
		};
		4AC1421520194130005D230A /* Products */ = {
			isa = PBXGroup;
			children = (
				4AC1421420194130005D230A /* MemeMeApp.app */,
				4AC1422820194130005D230A /* MemeMeAppTests.xctest */,
				4AC1423320194130005D230A /* MemeMeAppUITests.xctest */,
			);
			name = Products;
			sourceTree = "<group>";
		};
		4AC1421620194130005D230A /* MemeMeApp */ = {
			isa = PBXGroup;
			children = (
				4AC1421720194130005D230A /* AppDelegate.swift */,
				4AC1421920194130005D230A /* ViewController.swift */,
				4AC1421B20194130005D230A /* Main.storyboard */,
				4AC1421E20194130005D230A /* Assets.xcassets */,
				4AC1422020194130005D230A /* LaunchScreen.storyboard */,
				4AC1422320194130005D230A /* Info.plist */,
			);
			path = MemeMeApp;
			sourceTree = "<group>";
		};
		4AC1422B20194130005D230A /* MemeMeAppTests */ = {
			isa = PBXGroup;
			children = (
				4AC1422C20194130005D230A /* MemeMeAppTests.swift */,
				4AC1422E20194130005D230A /* Info.plist */,
			);
			path = MemeMeAppTests;
			sourceTree = "<group>";
		};
		4AC1423620194130005D230A /* MemeMeAppUITests */ = {
			isa = PBXGroup;
			children = (
				4AC1423720194130005D230A /* MemeMeAppUITests.swift */,
				4AC1423920194130005D230A /* Info.plist */,
			);
			path = MemeMeAppUITests;
			sourceTree = "<group>";
		};
/* End PBXGroup section */

/* Begin PBXNativeTarget section */
		4AC1421320194130005D230A /* MemeMeApp */ = {
			isa = PBXNativeTarget;
			buildConfigurationList = 4AC1423C20194130005D230A /* Build configuration list for PBXNativeTarget "MemeMeApp" */;
			buildPhases = (
				4AC1421020194130005D230A /* Sources */,
				4AC1421120194130005D230A /* Frameworks */,
				4AC1421220194130005D230A /* Resources */,
			);
			buildRules = (
			);
			dependencies = (
			);
			name = MemeMeApp;
			productName = MemeMeApp;
			productReference = 4AC1421420194130005D230A /* MemeMeApp.app */;
			productType = "com.apple.product-type.application";
		};
		4AC1422720194130005D230A /* MemeMeAppTests */ = {
			isa = PBXNativeTarget;
			buildConfigurationList = 4AC1423F20194130005D230A /* Build configuration list for PBXNativeTarget "MemeMeAppTests" */;
			buildPhases = (
				4AC1422420194130005D230A /* Sources */,
				4AC1422520194130005D230A /* Frameworks */,
				4AC1422620194130005D230A /* Resources */,
			);
			buildRules = (
			);
			dependencies = (
				4AC1422A20194130005D230A /* PBXTargetDependency */,
			);
			name = MemeMeAppTests;
			productName = MemeMeAppTests;
			productReference = 4AC1422820194130005D230A /* MemeMeAppTests.xctest */;
			productType = "com.apple.product-type.bundle.unit-test";
		};
		4AC1423220194130005D230A /* MemeMeAppUITests */ = {
			isa = PBXNativeTarget;
			buildConfigurationList = 4AC1424220194130005D230A /* Build configuration list for PBXNativeTarget "MemeMeAppUITests" */;
			buildPhases = (
				4AC1422F20194130005D230A /* Sources */,
				4AC1423020194130005D230A /* Frameworks */,
				4AC1423120194130005D230A /* Resources */,
			);
			buildRules = (
			);
			dependencies = (
				4AC1423520194130005D230A /* PBXTargetDependency */,
			);
			name = MemeMeAppUITests;
			productName = MemeMeAppUITests;
			productReference = 4AC1423320194130005D230A /* MemeMeAppUITests.xctest */;
			productType = "com.apple.product-type.bundle.ui-testing";
		};
/* End PBXNativeTarget section */

/* Begin PBXProject section */
		4AC1420C20194130005D230A /* Project object */ = {
			isa = PBXProject;
			attributes = {
				LastSwiftUpdateCheck = 0920;
				LastUpgradeCheck = 0920;
				ORGANIZATIONNAME = "Max Boguslavskiy";
				TargetAttributes = {
					4AC1421320194130005D230A = {
						CreatedOnToolsVersion = 9.2;
						ProvisioningStyle = Automatic;
					};
					4AC1422720194130005D230A = {
						CreatedOnToolsVersion = 9.2;
						ProvisioningStyle = Automatic;
						TestTargetID = 4AC1421320194130005D230A;
					};
					4AC1423220194130005D230A = {
						CreatedOnToolsVersion = 9.2;
						ProvisioningStyle = Automatic;
						TestTargetID = 4AC1421320194130005D230A;
					};
				};
			};
			buildConfigurationList = 4AC1420F20194130005D230A /* Build configuration list for PBXProject "MemeMeApp" */;
			compatibilityVersion = "Xcode 8.0";
			developmentRegion = en;
			hasScannedForEncodings = 0;
			knownRegions = (
				en,
				Base,
			);
			mainGroup = 4AC1420B20194130005D230A;
			productRefGroup = 4AC1421520194130005D230A /* Products */;
			projectDirPath = "";
			projectRoot = "";
			targets = (
				4AC1421320194130005D230A /* MemeMeApp */,
				4AC1422720194130005D230A /* MemeMeAppTests */,
				4AC1423220194130005D230A /* MemeMeAppUITests */,
			);
		};
/* End PBXProject section */

/* Begin PBXResourcesBuildPhase section */
		4AC1421220194130005D230A /* Resources */ = {
			isa = PBXResourcesBuildPhase;
			buildActionMask = 2147483647;
			files = (
				4AC1422220194130005D230A /* LaunchScreen.storyboard in Resources */,
				4AC1421F20194130005D230A /* Assets.xcassets in Resources */,
				4AC1421D20194130005D230A /* Main.storyboard in Resources */,
			);
			runOnlyForDeploymentPostprocessing = 0;
		};
		4AC1422620194130005D230A /* Resources */ = {
			isa = PBXResourcesBuildPhase;
			buildActionMask = 2147483647;
			files = (
			);
			runOnlyForDeploymentPostprocessing = 0;
		};
		4AC1423120194130005D230A /* Resources */ = {
			isa = PBXResourcesBuildPhase;
			buildActionMask = 2147483647;
			files = (
			);
			runOnlyForDeploymentPostprocessing = 0;
		};
/* End PBXResourcesBuildPhase section */

/* Begin PBXSourcesBuildPhase section */
		4AC1421020194130005D230A /* Sources */ = {
			isa = PBXSourcesBuildPhase;
			buildActionMask = 2147483647;
			files = (
				4AC1421A20194130005D230A /* ViewController.swift in Sources */,
				4AC1421820194130005D230A /* AppDelegate.swift in Sources */,
			);
			runOnlyForDeploymentPostprocessing = 0;
		};
		4AC1422420194130005D230A /* Sources */ = {
			isa = PBXSourcesBuildPhase;
			buildActionMask = 2147483647;
			files = (
				4AC1422D20194130005D230A /* MemeMeAppTests.swift in Sources */,
			);
			runOnlyForDeploymentPostprocessing = 0;
		};
		4AC1422F20194130005D230A /* Sources */ = {
			isa = PBXSourcesBuildPhase;
			buildActionMask = 2147483647;
			files = (
				4AC1423820194130005D230A /* MemeMeAppUITests.swift in Sources */,
			);
			runOnlyForDeploymentPostprocessing = 0;
		};
/* End PBXSourcesBuildPhase section */

/* Begin PBXTargetDependency section */
		4AC1422A20194130005D230A /* PBXTargetDependency */ = {
			isa = PBXTargetDependency;
			target = 4AC1421320194130005D230A /* MemeMeApp */;
			targetProxy = 4AC1422920194130005D230A /* PBXContainerItemProxy */;
		};
		4AC1423520194130005D230A /* PBXTargetDependency */ = {
			isa = PBXTargetDependency;
			target = 4AC1421320194130005D230A /* MemeMeApp */;
			targetProxy = 4AC1423420194130005D230A /* PBXContainerItemProxy */;
		};
/* End PBXTargetDependency section */

/* Begin PBXVariantGroup section */
		4AC1421B20194130005D230A /* Main.storyboard */ = {
			isa = PBXVariantGroup;
			children = (
				4AC1421C20194130005D230A /* Base */,
			);
			name = Main.storyboard;
			sourceTree = "<group>";
		};
		4AC1422020194130005D230A /* LaunchScreen.storyboard */ = {
			isa = PBXVariantGroup;
			children = (
				4AC1422120194130005D230A /* Base */,
			);
			name = LaunchScreen.storyboard;
			sourceTree = "<group>";
		};
/* End PBXVariantGroup section */

/* Begin XCBuildConfiguration section */
		4AC1423A20194130005D230A /* Debug */ = {
			isa = XCBuildConfiguration;
			buildSettings = {
				ALWAYS_SEARCH_USER_PATHS = NO;
				CLANG_ANALYZER_NONNULL = YES;
				CLANG_ANALYZER_NUMBER_OBJECT_CONVERSION = YES_AGGRESSIVE;
				CLANG_CXX_LANGUAGE_STANDARD = "gnu++14";
				CLANG_CXX_LIBRARY = "libc++";
				CLANG_ENABLE_MODULES = YES;
				CLANG_ENABLE_OBJC_ARC = YES;
				CLANG_WARN_BLOCK_CAPTURE_AUTORELEASING = YES;
				CLANG_WARN_BOOL_CONVERSION = YES;
				CLANG_WARN_COMMA = YES;
				CLANG_WARN_CONSTANT_CONVERSION = YES;
				CLANG_WARN_DIRECT_OBJC_ISA_USAGE = YES_ERROR;
				CLANG_WARN_DOCUMENTATION_COMMENTS = YES;
				CLANG_WARN_EMPTY_BODY = YES;
				CLANG_WARN_ENUM_CONVERSION = YES;
				CLANG_WARN_INFINITE_RECURSION = YES;
				CLANG_WARN_INT_CONVERSION = YES;
				CLANG_WARN_NON_LITERAL_NULL_CONVERSION = YES;
				CLANG_WARN_OBJC_LITERAL_CONVERSION = YES;
				CLANG_WARN_OBJC_ROOT_CLASS = YES_ERROR;
				CLANG_WARN_RANGE_LOOP_ANALYSIS = YES;
				CLANG_WARN_STRICT_PROTOTYPES = YES;
				CLANG_WARN_SUSPICIOUS_MOVE = YES;
				CLANG_WARN_UNGUARDED_AVAILABILITY = YES_AGGRESSIVE;
				CLANG_WARN_UNREACHABLE_CODE = YES;
				CLANG_WARN__DUPLICATE_METHOD_MATCH = YES;
				CODE_SIGN_IDENTITY = "iPhone Developer";
				COPY_PHASE_STRIP = NO;
				DEBUG_INFORMATION_FORMAT = dwarf;
				ENABLE_STRICT_OBJC_MSGSEND = YES;
				ENABLE_TESTABILITY = YES;
				GCC_C_LANGUAGE_STANDARD = gnu11;
				GCC_DYNAMIC_NO_PIC = NO;
				GCC_NO_COMMON_BLOCKS = YES;
				GCC_OPTIMIZATION_LEVEL = 0;
				GCC_PREPROCESSOR_DEFINITIONS = (
					"DEBUG=1",
					"$(inherited)",
				);
				GCC_WARN_64_TO_32_BIT_CONVERSION = YES;
				GCC_WARN_ABOUT_RETURN_TYPE = YES_ERROR;
				GCC_WARN_UNDECLARED_SELECTOR = YES;
				GCC_WARN_UNINITIALIZED_AUTOS = YES_AGGRESSIVE;
				GCC_WARN_UNUSED_FUNCTION = YES;
				GCC_WARN_UNUSED_VARIABLE = YES;
				IPHONEOS_DEPLOYMENT_TARGET = 11.2;
				MTL_ENABLE_DEBUG_INFO = YES;
				ONLY_ACTIVE_ARCH = YES;
				SDKROOT = iphoneos;
				SWIFT_ACTIVE_COMPILATION_CONDITIONS = DEBUG;
				SWIFT_OPTIMIZATION_LEVEL = "-Onone";
			};
			name = Debug;
		};
		4AC1423B20194130005D230A /* Release */ = {
			isa = XCBuildConfiguration;
			buildSettings = {
				ALWAYS_SEARCH_USER_PATHS = NO;
				CLANG_ANALYZER_NONNULL = YES;
				CLANG_ANALYZER_NUMBER_OBJECT_CONVERSION = YES_AGGRESSIVE;
				CLANG_CXX_LANGUAGE_STANDARD = "gnu++14";
				CLANG_CXX_LIBRARY = "libc++";
				CLANG_ENABLE_MODULES = YES;
				CLANG_ENABLE_OBJC_ARC = YES;
				CLANG_WARN_BLOCK_CAPTURE_AUTORELEASING = YES;
				CLANG_WARN_BOOL_CONVERSION = YES;
				CLANG_WARN_COMMA = YES;
				CLANG_WARN_CONSTANT_CONVERSION = YES;
				CLANG_WARN_DIRECT_OBJC_ISA_USAGE = YES_ERROR;
				CLANG_WARN_DOCUMENTATION_COMMENTS = YES;
				CLANG_WARN_EMPTY_BODY = YES;
				CLANG_WARN_ENUM_CONVERSION = YES;
				CLANG_WARN_INFINITE_RECURSION = YES;
				CLANG_WARN_INT_CONVERSION = YES;
				CLANG_WARN_NON_LITERAL_NULL_CONVERSION = YES;
				CLANG_WARN_OBJC_LITERAL_CONVERSION = YES;
				CLANG_WARN_OBJC_ROOT_CLASS = YES_ERROR;
				CLANG_WARN_RANGE_LOOP_ANALYSIS = YES;
				CLANG_WARN_STRICT_PROTOTYPES = YES;
				CLANG_WARN_SUSPICIOUS_MOVE = YES;
				CLANG_WARN_UNGUARDED_AVAILABILITY = YES_AGGRESSIVE;
				CLANG_WARN_UNREACHABLE_CODE = YES;
				CLANG_WARN__DUPLICATE_METHOD_MATCH = YES;
				CODE_SIGN_IDENTITY = "iPhone Developer";
				COPY_PHASE_STRIP = NO;
				DEBUG_INFORMATION_FORMAT = "dwarf-with-dsym";
				ENABLE_NS_ASSERTIONS = NO;
				ENABLE_STRICT_OBJC_MSGSEND = YES;
				GCC_C_LANGUAGE_STANDARD = gnu11;
				GCC_NO_COMMON_BLOCKS = YES;
				GCC_WARN_64_TO_32_BIT_CONVERSION = YES;
				GCC_WARN_ABOUT_RETURN_TYPE = YES_ERROR;
				GCC_WARN_UNDECLARED_SELECTOR = YES;
				GCC_WARN_UNINITIALIZED_AUTOS = YES_AGGRESSIVE;
				GCC_WARN_UNUSED_FUNCTION = YES;
				GCC_WARN_UNUSED_VARIABLE = YES;
				IPHONEOS_DEPLOYMENT_TARGET = 11.2;
				MTL_ENABLE_DEBUG_INFO = NO;
				SDKROOT = iphoneos;
				SWIFT_OPTIMIZATION_LEVEL = "-Owholemodule";
				VALIDATE_PRODUCT = YES;
			};
			name = Release;
		};
		4AC1423D20194130005D230A /* Debug */ = {
			isa = XCBuildConfiguration;
			buildSettings = {
				ASSETCATALOG_COMPILER_APPICON_NAME = AppIcon;
				CODE_SIGN_STYLE = Automatic;
				DEVELOPMENT_TEAM = XR7776YZ72;
				INFOPLIST_FILE = MemeMeApp/Info.plist;
				LD_RUNPATH_SEARCH_PATHS = "$(inherited) @executable_path/Frameworks";
				PRODUCT_BUNDLE_IDENTIFIER = com.maxbogus.MemeMeApp;
				PRODUCT_NAME = "$(TARGET_NAME)";
				SWIFT_VERSION = 4.0;
				TARGETED_DEVICE_FAMILY = "1,2";
			};
			name = Debug;
		};
		4AC1423E20194130005D230A /* Release */ = {
			isa = XCBuildConfiguration;
			buildSettings = {
				ASSETCATALOG_COMPILER_APPICON_NAME = AppIcon;
				CODE_SIGN_STYLE = Automatic;
				DEVELOPMENT_TEAM = XR7776YZ72;
				INFOPLIST_FILE = MemeMeApp/Info.plist;
				LD_RUNPATH_SEARCH_PATHS = "$(inherited) @executable_path/Frameworks";
				PRODUCT_BUNDLE_IDENTIFIER = com.maxbogus.MemeMeApp;
				PRODUCT_NAME = "$(TARGET_NAME)";
				SWIFT_VERSION = 4.0;
				TARGETED_DEVICE_FAMILY = "1,2";
			};
			name = Release;
		};
		4AC1424020194130005D230A /* Debug */ = {
			isa = XCBuildConfiguration;
			buildSettings = {
				ALWAYS_EMBED_SWIFT_STANDARD_LIBRARIES = YES;
				BUNDLE_LOADER = "$(TEST_HOST)";
				CODE_SIGN_STYLE = Automatic;
				DEVELOPMENT_TEAM = XR7776YZ72;
				INFOPLIST_FILE = MemeMeAppTests/Info.plist;
				LD_RUNPATH_SEARCH_PATHS = "$(inherited) @executable_path/Frameworks @loader_path/Frameworks";
				PRODUCT_BUNDLE_IDENTIFIER = com.maxbogus.MemeMeAppTests;
				PRODUCT_NAME = "$(TARGET_NAME)";
				SWIFT_VERSION = 4.0;
				TARGETED_DEVICE_FAMILY = "1,2";
				TEST_HOST = "$(BUILT_PRODUCTS_DIR)/MemeMeApp.app/MemeMeApp";
			};
			name = Debug;
		};
		4AC1424120194130005D230A /* Release */ = {
			isa = XCBuildConfiguration;
			buildSettings = {
				ALWAYS_EMBED_SWIFT_STANDARD_LIBRARIES = YES;
				BUNDLE_LOADER = "$(TEST_HOST)";
				CODE_SIGN_STYLE = Automatic;
				DEVELOPMENT_TEAM = XR7776YZ72;
				INFOPLIST_FILE = MemeMeAppTests/Info.plist;
				LD_RUNPATH_SEARCH_PATHS = "$(inherited) @executable_path/Frameworks @loader_path/Frameworks";
				PRODUCT_BUNDLE_IDENTIFIER = com.maxbogus.MemeMeAppTests;
				PRODUCT_NAME = "$(TARGET_NAME)";
				SWIFT_VERSION = 4.0;
				TARGETED_DEVICE_FAMILY = "1,2";
				TEST_HOST = "$(BUILT_PRODUCTS_DIR)/MemeMeApp.app/MemeMeApp";
			};
			name = Release;
		};
		4AC1424320194130005D230A /* Debug */ = {
			isa = XCBuildConfiguration;
			buildSettings = {
				ALWAYS_EMBED_SWIFT_STANDARD_LIBRARIES = YES;
				CODE_SIGN_STYLE = Automatic;
				DEVELOPMENT_TEAM = XR7776YZ72;
				INFOPLIST_FILE = MemeMeAppUITests/Info.plist;
				LD_RUNPATH_SEARCH_PATHS = "$(inherited) @executable_path/Frameworks @loader_path/Frameworks";
				PRODUCT_BUNDLE_IDENTIFIER = com.maxbogus.MemeMeAppUITests;
				PRODUCT_NAME = "$(TARGET_NAME)";
				SWIFT_VERSION = 4.0;
				TARGETED_DEVICE_FAMILY = "1,2";
				TEST_TARGET_NAME = MemeMeApp;
			};
			name = Debug;
		};
		4AC1424420194130005D230A /* Release */ = {
			isa = XCBuildConfiguration;
			buildSettings = {
				ALWAYS_EMBED_SWIFT_STANDARD_LIBRARIES = YES;
				CODE_SIGN_STYLE = Automatic;
				DEVELOPMENT_TEAM = XR7776YZ72;
				INFOPLIST_FILE = MemeMeAppUITests/Info.plist;
				LD_RUNPATH_SEARCH_PATHS = "$(inherited) @executable_path/Frameworks @loader_path/Frameworks";
				PRODUCT_BUNDLE_IDENTIFIER = com.maxbogus.MemeMeAppUITests;
				PRODUCT_NAME = "$(TARGET_NAME)";
				SWIFT_VERSION = 4.0;
				TARGETED_DEVICE_FAMILY = "1,2";
				TEST_TARGET_NAME = MemeMeApp;
			};
			name = Release;
		};
/* End XCBuildConfiguration section */

/* Begin XCConfigurationList section */
		4AC1420F20194130005D230A /* Build configuration list for PBXProject "MemeMeApp" */ = {
			isa = XCConfigurationList;
			buildConfigurations = (
				4AC1423A20194130005D230A /* Debug */,
				4AC1423B20194130005D230A /* Release */,
			);
			defaultConfigurationIsVisible = 0;
			defaultConfigurationName = Release;
		};
		4AC1423C20194130005D230A /* Build configuration list for PBXNativeTarget "MemeMeApp" */ = {
			isa = XCConfigurationList;
			buildConfigurations = (
				4AC1423D20194130005D230A /* Debug */,
				4AC1423E20194130005D230A /* Release */,
			);
			defaultConfigurationIsVisible = 0;
			defaultConfigurationName = Release;
		};
		4AC1423F20194130005D230A /* Build configuration list for PBXNativeTarget "MemeMeAppTests" */ = {
			isa = XCConfigurationList;
			buildConfigurations = (
				4AC1424020194130005D230A /* Debug */,
				4AC1424120194130005D230A /* Release */,
			);
			defaultConfigurationIsVisible = 0;
			defaultConfigurationName = Release;
		};
		4AC1424220194130005D230A /* Build configuration list for PBXNativeTarget "MemeMeAppUITests" */ = {
			isa = XCConfigurationList;
			buildConfigurations = (
				4AC1424320194130005D230A /* Debug */,
				4AC1424420194130005D230A /* Release */,
			);
			defaultConfigurationIsVisible = 0;
			defaultConfigurationName = Release;
		};
/* End XCConfigurationList section */
	};
	rootObject = 4AC1420C20194130005D230A /* Project object */;
}
